
Microsoft Visual Studio Solution File, Format Version 12.00
# Visual Studio 14
VisualStudioVersion = 14.0.23107.0
MinimumVisualStudioVersion = 10.0.40219.1
Project("{FAE04EC0-301F-11D3-BF4B-00C04F79EFBC}") = "Problem1.HumanStudentAndWorker", "Problem1.HumanStudentAndWorker\Problem1.HumanStudentAndWorker.csproj", "{14535C13-87B6-4AB1-816A-CB1926E7D78F}"
EndProject
Project("{FAE04EC0-301F-11D3-BF4B-00C04F79EFBC}") = "Problem 2. Animals", "Problem 2. Animals\Problem 2. Animals.csproj", "{C1F6AB86-AC31-41A3-ADF3-8D9594E18C71}"
EndProject
Project("{FAE04EC0-301F-11D3-BF4B-00C04F79EFBC}") = "Problem3.CompanyHierarchy", "Problem3.CompanyHierarchy\Problem3.CompanyHierarchy.csproj", "{11CA2CB2-20AB-4D0D-B81B-56EDAA9022CB}"
EndProject
Global
	GlobalSection(SolutionConfigurationPlatforms) = preSolution
		Debug|Any CPU = Debug|Any CPU
		Release|Any CPU = Release|Any CPU
	EndGlobalSection
	GlobalSection(ProjectConfigurationPlatforms) = postSolution
		{14535C13-87B6-4AB1-816A-CB1926E7D78F}.Debug|Any CPU.ActiveCfg = Debug|Any CPU
		{14535C13-87B6-4AB1-816A-CB1926E7D78F}.Debug|Any CPU.Build.0 = Debug|Any CPU
		{14535C13-87B6-4AB1-816A-CB1926E7D78F}.Release|Any CPU.ActiveCfg = Release|Any CPU
		{14535C13-87B6-4AB1-816A-CB1926E7D78F}.Release|Any CPU.Build.0 = Release|Any CPU
		{C1F6AB86-AC31-41A3-ADF3-8D9594E18C71}.Debug|Any CPU.ActiveCfg = Debug|Any CPU
		{C1F6AB86-AC31-41A3-ADF3-8D9594E18C71}.Debug|Any CPU.Build.0 = Debug|Any CPU
		{C1F6AB86-AC31-41A3-ADF3-8D9594E18C71}.Release|Any CPU.ActiveCfg = Release|Any CPU
		{C1F6AB86-AC31-41A3-ADF3-8D9594E18C71}.Release|Any CPU.Build.0 = Release|Any CPU
		{11CA2CB2-20AB-4D0D-B81B-56EDAA9022CB}.Debug|Any CPU.ActiveCfg = Debug|Any CPU
		{11CA2CB2-20AB-4D0D-B81B-56EDAA9022CB}.Debug|Any CPU.Build.0 = Debug|Any CPU
		{11CA2CB2-20AB-4D0D-B81B-56EDAA9022CB}.Release|Any CPU.ActiveCfg = Release|Any CPU
		{11CA2CB2-20AB-4D0D-B81B-56EDAA9022CB}.Release|Any CPU.Build.0 = Release|Any CPU
	EndGlobalSection
	GlobalSection(SolutionProperties) = preSolution
		HideSolutionNode = FALSE
	EndGlobalSection
EndGlobal
